
Microsoft Visual Studio Solution File, Format Version 11.00
# Visual C++ Express 2010
Project("{8BC9CEB8-8B4A-11D0-8D11-00A0C91BC942}") = "HelloGdiPlus20160630", "HelloGdiPlus20160630\HelloGdiPlus20160630.vcxproj", "{E2A7BBC8-2706-426A-87D4-FA33B6EEF529}"
EndProject
Global
	GlobalSection(SolutionConfigurationPlatforms) = preSolution
		Debug|Win32 = Debug|Win32
		Release|Win32 = Release|Win32
	EndGlobalSection
	GlobalSection(ProjectConfigurationPlatforms) = postSolution
		{E2A7BBC8-2706-426A-87D4-FA33B6EEF529}.Debug|Win32.ActiveCfg = Debug|Win32
		{E2A7BBC8-2706-426A-87D4-FA33B6EEF529}.Debug|Win32.Build.0 = Debug|Win32
		{E2A7BBC8-2706-426A-87D4-FA33B6EEF529}.Release|Win32.ActiveCfg = Release|Win32
		{E2A7BBC8-2706-426A-87D4-FA33B6EEF529}.Release|Win32.Build.0 = Release|Win32
	EndGlobalSection
	GlobalSection(SolutionProperties) = preSolution
		HideSolutionNode = FALSE
	EndGlobalSection
EndGlobal
